{
  "lockfileVersion": 1,
  "dependencies": {
    "@sentry/browser": {
      "version": "6.18.1",
      "resolved": "https://registry.npmjs.org/@sentry/browser/-/browser-6.18.1.tgz",
      "integrity": "sha512-OZmk6RNcdQWxUkC8HBEruqpWUsaX/+pb1J/R5cDfHNeePLbDj9b8KFfs9QkgyZmmEP6l0Nu80TuDsdPF0q4uyw=="
    },
    "@sentry/core": {
      "version": "6.18.1",
      "resolved": "https://registry.npmjs.org/@sentry/core/-/core-6.18.1.tgz",
      "integrity": "sha512-9V8Q+3Asi+3RL67CSIMMZ9mjMsu2/hrpQszYStX7hPPpAZIlAKk2MT5B+na/r80iWKhy+3Ts6aDFF218QtnsVw=="
    },
    "@sentry/hub": {
      "version": "6.18.1",
      "resolved": "https://registry.npmjs.org/@sentry/hub/-/hub-6.18.1.tgz",
      "integrity": "sha512-+zGzgc/xX3an/nKA3ELMn9YD9VmqbNaNwWZ5/SjNUvzsYHh2UNZ7YzT8WawQsRVOXLljyCKxkWpFB4EchiYGbw=="
    },
    "@sentry/minimal": {
      "version": "6.18.1",
      "resolved": "https://registry.npmjs.org/@sentry/minimal/-/minimal-6.18.1.tgz",
      "integrity": "sha512-dm+0MuasWNi/LASvHX+09oCo8IBZY5WpMK8qXvQMnwQ9FVfklrjcfEI3666WORDCmeUhDCSeL2MbjPDm+AmPLg=="
    },
    "@sentry/node": {
      "version": "6.18.1",
      "resolved": "https://registry.npmjs.org/@sentry/node/-/node-6.18.1.tgz",
      "integrity": "sha512-aTb2gwfZUq0lGDRGH5zNOYDfFMOQZu6E0QcAsvH2ZBcEj3rUWZz3r25COFrHmfzHLUV1KcF2AmnWo1QU1jmm0g=="
    },
    "@sentry/tracing": {
      "version": "6.18.1",
      "resolved": "https://registry.npmjs.org/@sentry/tracing/-/tracing-6.18.1.tgz",
      "integrity": "sha512-OxozmSfxGx246Ae1XhO01I7ZWxO3briwMBh55E5KyjQb8fuS9gVE7Uy8ZRs5hhNjDutFAU7nMtC0zipfVxP6fg=="
    },
    "@sentry/types": {
      "version": "6.18.1",
      "resolved": "https://registry.npmjs.org/@sentry/types/-/types-6.18.1.tgz",
      "integrity": "sha512-wp741NoBKnXE/4T9L723sWJ8EcNMxeTIT1smgNJOfbPwrsDICoYmGEt6JFa05XHpWBGI66WuNvnDjoHVeh6zhA=="
    },
    "@sentry/utils": {
      "version": "6.18.1",
      "resolved": "https://registry.npmjs.org/@sentry/utils/-/utils-6.18.1.tgz",
      "integrity": "sha512-IFZmuvA+c5lDGlZEri13JSyUP0BHelzY0S4dcKxAzskPW+BtBdQDgYGV90iED1y+IRMLawWb34GF7HyJSouN1Q=="
    },
    "agent-base": {
      "version": "6.0.2",
      "resolved": "https://registry.npmjs.org/agent-base/-/agent-base-6.0.2.tgz",
      "integrity": "sha512-RZNwNclF7+MS/8bDg70amg32dyeZGZxiDuQmZxKLAlQjr3jGyLx+4Kkk58UO7D2QdgFIQCovuSuZESne6RG6XQ=="
    },
    "cookie": {
      "version": "0.4.2",
      "resolved": "https://registry.npmjs.org/cookie/-/cookie-0.4.2.tgz",
      "integrity": "sha512-aSWTXFzaKWkvHO1Ny/s+ePFpvKsPnjc551iI41v3ny/ow6tBG5Vd+FuqGNhh1LxOmVzOlGUriIlOaokOvhaStA=="
    },
    "debug": {
      "version": "4.3.4",
      "resolved": "https://registry.npmjs.org/debug/-/debug-4.3.4.tgz",
      "integrity": "sha512-PRWFHuSU3eDtQJPvnNY7Jcket1j0t5OuOsFzPPzsekD52Zl8qUfFIPEiswXqIvHWGVHOgX+7G/vCNNhehwxfkQ=="
    },
    "https-proxy-agent": {
      "version": "5.0.0",
      "resolved": "https://registry.npmjs.org/https-proxy-agent/-/https-proxy-agent-5.0.0.tgz",
      "integrity": "sha512-EkYm5BcKUGiduxzSt3Eppko+PiNWNEpa4ySk9vTC6wDsQJW9rHSa+UhGNJoRYp7bz6Ht1eaRIa6QaJqO5rCFbA=="
    },
    "lru_map": {
      "version": "0.3.3",
      "resolved": "https://registry.npmjs.org/lru_map/-/lru_map-0.3.3.tgz",
      "integrity": "sha1-tcg1G5Rky9dQM1p5ZQoOwOVhGN0="
    },
    "ms": {
      "version": "2.1.2",
      "resolved": "https://registry.npmjs.org/ms/-/ms-2.1.2.tgz",
      "integrity": "sha512-sGkPx+VjMtmA6MX27oA4FBFELFCZZ4S4XqeGOXCv68tT+jb3vk/RyaKWP0PTKyWtmLSM0b+adUTEvbs1PEaH2w=="
    },
    "tslib": {
      "version": "1.14.1",
      "resolved": "https://registry.npmjs.org/tslib/-/tslib-1.14.1.tgz",
      "integrity": "sha512-Xni35NKzjgMrwevysHTCArtLDpPvye8zV/0E4EyYn43P7/7qvQwPh9BGkHewbMulVntbigmcT7rdX3BNo9wRJg=="
    }
  }
}
